
Microsoft Visual Studio Solution File, Format Version 12.00
# Visual Studio 15
Project("{FAE04EC0-301F-11D3-BF4B-00C04F79EFBC}") = "Unity.2D.Tilemap.Extras", "Unity.2D.Tilemap.Extras.csproj", "{2575D205-FEAD-E931-3875-8949FFE6BB85}"
EndProject
Project("{FAE04EC0-301F-11D3-BF4B-00C04F79EFBC}") = "Assembly-CSharp-Editor", "Assembly-CSharp-Editor.csproj", "{774912B7-CF06-EB51-EE52-48639BEFA99E}"
EndProject
Project("{FAE04EC0-301F-11D3-BF4B-00C04F79EFBC}") = "Unity.2D.Tilemap.Extras.Editor", "Unity.2D.Tilemap.Extras.Editor.csproj", "{81A7D7C4-2AD8-3B63-9472-4B395121AE25}"
EndProject
Project("{FAE04EC0-301F-11D3-BF4B-00C04F79EFBC}") = "Assembly-CSharp", "Assembly-CSharp.csproj", "{64E752E9-A928-39DF-6480-36008E6FE0A8}"
EndProject
Global
	GlobalSection(SolutionConfigurationPlatforms) = preSolution
		Debug|Any CPU = Debug|Any CPU
		Release|Any CPU = Release|Any CPU
	EndGlobalSection
	GlobalSection(ProjectConfigurationPlatforms) = postSolution
		{2575D205-FEAD-E931-3875-8949FFE6BB85}.Debug|Any CPU.ActiveCfg = Debug|Any CPU
		{2575D205-FEAD-E931-3875-8949FFE6BB85}.Debug|Any CPU.Build.0 = Debug|Any CPU
		{2575D205-FEAD-E931-3875-8949FFE6BB85}.Release|Any CPU.ActiveCfg = Release|Any CPU
		{2575D205-FEAD-E931-3875-8949FFE6BB85}.Release|Any CPU.Build.0 = Release|Any CPU
		{774912B7-CF06-EB51-EE52-48639BEFA99E}.Debug|Any CPU.ActiveCfg = Debug|Any CPU
		{774912B7-CF06-EB51-EE52-48639BEFA99E}.Debug|Any CPU.Build.0 = Debug|Any CPU
		{774912B7-CF06-EB51-EE52-48639BEFA99E}.Release|Any CPU.ActiveCfg = Release|Any CPU
		{774912B7-CF06-EB51-EE52-48639BEFA99E}.Release|Any CPU.Build.0 = Release|Any CPU
		{81A7D7C4-2AD8-3B63-9472-4B395121AE25}.Debug|Any CPU.ActiveCfg = Debug|Any CPU
		{81A7D7C4-2AD8-3B63-9472-4B395121AE25}.Debug|Any CPU.Build.0 = Debug|Any CPU
		{81A7D7C4-2AD8-3B63-9472-4B395121AE25}.Release|Any CPU.ActiveCfg = Release|Any CPU
		{81A7D7C4-2AD8-3B63-9472-4B395121AE25}.Release|Any CPU.Build.0 = Release|Any CPU
		{64E752E9-A928-39DF-6480-36008E6FE0A8}.Debug|Any CPU.ActiveCfg = Debug|Any CPU
		{64E752E9-A928-39DF-6480-36008E6FE0A8}.Debug|Any CPU.Build.0 = Debug|Any CPU
		{64E752E9-A928-39DF-6480-36008E6FE0A8}.Release|Any CPU.ActiveCfg = Release|Any CPU
		{64E752E9-A928-39DF-6480-36008E6FE0A8}.Release|Any CPU.Build.0 = Release|Any CPU
	EndGlobalSection
	GlobalSection(SolutionProperties) = preSolution
		HideSolutionNode = FALSE
	EndGlobalSection
EndGlobal
